// !$*UTF8*$!
{
	archiveVersion = 1;
	classes = {
	};
	objectVersion = 50;
	objects = {

/* Begin PBXBuildFile section */
		990CEB232285500D0094965E /* main.cpp in Sources */ = {isa = PBXBuildFile; fileRef = 990CEB222285500D0094965E /* main.cpp */; };
		990CEC47228551250094965E /* OpenGL.framework in Frameworks */ = {isa = PBXBuildFile; fileRef = 990CEC46228551250094965E /* OpenGL.framework */; };
		990CEC5D228553E40094965E /* Cocoa.framework in Frameworks */ = {isa = PBXBuildFile; fileRef = 990CEC5C228553E40094965E /* Cocoa.framework */; };
		990CEC6F228590860094965E /* Shader.cpp in Sources */ = {isa = PBXBuildFile; fileRef = 990CEC6D228590860094965E /* Shader.cpp */; };
		990CEC8622869A370094965E /* libglfw3.a in Frameworks */ = {isa = PBXBuildFile; fileRef = 990CEC7222868B4A0094965E /* libglfw3.a */; };
		99CD90D02286A9F2008F623A /* Program.cpp in Sources */ = {isa = PBXBuildFile; fileRef = 99CD90CF2286A9F2008F623A /* Program.cpp */; };
		99CD90D32286B28B008F623A /* CoreVideo.framework in Frameworks */ = {isa = PBXBuildFile; fileRef = 99CD90D22286B28B008F623A /* CoreVideo.framework */; };
		99CD90D42286B2B6008F623A /* IOKit.framework in Frameworks */ = {isa = PBXBuildFile; fileRef = 990CEC5E228553EA0094965E /* IOKit.framework */; };
		99CD90D62286B33D008F623A /* glew.c in Sources */ = {isa = PBXBuildFile; fileRef = 990CEB2F228550580094965E /* glew.c */; };
		99CD90D72286B4C4008F623A /* platform_osx.mm in Sources */ = {isa = PBXBuildFile; fileRef = 990CEC7322868B4A0094965E /* platform_osx.mm */; };
		99CD90DA2286B628008F623A /* fragment-shader.txt in Resources */ = {isa = PBXBuildFile; fileRef = 99CD90D82286B628008F623A /* fragment-shader.txt */; };
		99CD90DB2286B628008F623A /* vertex-shader.txt in Resources */ = {isa = PBXBuildFile; fileRef = 99CD90D92286B628008F623A /* vertex-shader.txt */; };
/* End PBXBuildFile section */

/* Begin PBXFileReference section */
		990CEB0F22854FFC0094965E /* opengl-series */ = {isa = PBXFileReference; explicitFileType = "compiled.mach-o.executable"; includeInIndex = 0; path = "opengl-series"; sourceTree = BUILT_PRODUCTS_DIR; };
		990CEB1E2285500D0094965E /* Shader.h */ = {isa = PBXFileReference; explicitFileType = sourcecode.cpp.h; fileEncoding = 4; path = Shader.h; sourceTree = "<group>"; };
		990CEB1F2285500D0094965E /* Texture.h */ = {isa = PBXFileReference; fileEncoding = 4; lastKnownFileType = sourcecode.c.h; path = Texture.h; sourceTree = "<group>"; };
		990CEB202285500D0094965E /* Program.h */ = {isa = PBXFileReference; explicitFileType = sourcecode.cpp.h; fileEncoding = 4; path = Program.h; sourceTree = "<group>"; };
		990CEB212285500D0094965E /* Bitmap.h */ = {isa = PBXFileReference; fileEncoding = 4; lastKnownFileType = sourcecode.c.h; path = Bitmap.h; sourceTree = "<group>"; };
		990CEB222285500D0094965E /* main.cpp */ = {isa = PBXFileReference; fileEncoding = 4; lastKnownFileType = sourcecode.cpp.cpp; path = main.cpp; sourceTree = "<group>"; };
		990CEB25228550580094965E /* platform.hpp */ = {isa = PBXFileReference; fileEncoding = 4; lastKnownFileType = sourcecode.cpp.h; path = platform.hpp; sourceTree = "<group>"; };
		990CEB29228550580094965E /* glxew.h */ = {isa = PBXFileReference; fileEncoding = 4; lastKnownFileType = sourcecode.c.h; path = glxew.h; sourceTree = "<group>"; };
		990CEB2A228550580094965E /* eglew.h */ = {isa = PBXFileReference; fileEncoding = 4; lastKnownFileType = sourcecode.c.h; path = eglew.h; sourceTree = "<group>"; };
		990CEB2B228550580094965E /* wglew.h */ = {isa = PBXFileReference; fileEncoding = 4; lastKnownFileType = sourcecode.c.h; path = wglew.h; sourceTree = "<group>"; };
		990CEB2C228550580094965E /* glew.h */ = {isa = PBXFileReference; fileEncoding = 4; lastKnownFileType = sourcecode.c.h; path = glew.h; sourceTree = "<group>"; };
		990CEB2E228550580094965E /* glewinfo.c */ = {isa = PBXFileReference; fileEncoding = 4; lastKnownFileType = sourcecode.c.c; path = glewinfo.c; sourceTree = "<group>"; };
		990CEB2F228550580094965E /* glew.c */ = {isa = PBXFileReference; fileEncoding = 4; lastKnownFileType = sourcecode.c.c; path = glew.c; sourceTree = "<group>"; };
		990CEB30228550580094965E /* visualinfo.c */ = {isa = PBXFileReference; fileEncoding = 4; lastKnownFileType = sourcecode.c.c; path = visualinfo.c; sourceTree = "<group>"; };
		990CEB32228550580094965E /* stb_image.h */ = {isa = PBXFileReference; fileEncoding = 4; lastKnownFileType = sourcecode.c.h; path = stb_image.h; sourceTree = "<group>"; };
		990CEB36228550580094965E /* glfw3.h */ = {isa = PBXFileReference; fileEncoding = 4; lastKnownFileType = sourcecode.c.h; path = glfw3.h; sourceTree = "<group>"; };
		990CEB37228550580094965E /* glfw3native.h */ = {isa = PBXFileReference; fileEncoding = 4; lastKnownFileType = sourcecode.c.h; path = glfw3native.h; sourceTree = "<group>"; };
		990CEB39228550580094965E /* copying.txt */ = {isa = PBXFileReference; fileEncoding = 4; lastKnownFileType = text; path = copying.txt; sourceTree = "<group>"; };
		990CEB3A228550580094965E /* readme.txt */ = {isa = PBXFileReference; fileEncoding = 4; lastKnownFileType = text; path = readme.txt; sourceTree = "<group>"; };
		990CEB3C228550580094965E /* vec4.hpp */ = {isa = PBXFileReference; fileEncoding = 4; lastKnownFileType = sourcecode.cpp.h; path = vec4.hpp; sourceTree = "<group>"; };
		990CEB3D228550580094965E /* integer.hpp */ = {isa = PBXFileReference; fileEncoding = 4; lastKnownFileType = sourcecode.cpp.h; path = integer.hpp; sourceTree = "<group>"; };
		990CEB3E228550580094965E /* vector_relational.hpp */ = {isa = PBXFileReference; fileEncoding = 4; lastKnownFileType = sourcecode.cpp.h; path = vector_relational.hpp; sourceTree = "<group>"; };
		990CEB3F228550580094965E /* mat2x3.hpp */ = {isa = PBXFileReference; fileEncoding = 4; lastKnownFileType = sourcecode.cpp.h; path = mat2x3.hpp; sourceTree = "<group>"; };
		990CEB40228550580094965E /* mat4x4.hpp */ = {isa = PBXFileReference; fileEncoding = 4; lastKnownFileType = sourcecode.cpp.h; path = mat4x4.hpp; sourceTree = "<group>"; };
		990CEB41228550580094965E /* mat2x2.hpp */ = {isa = PBXFileReference; fileEncoding = 4; lastKnownFileType = sourcecode.cpp.h; path = mat2x2.hpp; sourceTree = "<group>"; };
		990CEB42228550580094965E /* exponential.hpp */ = {isa = PBXFileReference; fileEncoding = 4; lastKnownFileType = sourcecode.cpp.h; path = exponential.hpp; sourceTree = "<group>"; };
		990CEB43228550580094965E /* vec2.hpp */ = {isa = PBXFileReference; fileEncoding = 4; lastKnownFileType = sourcecode.cpp.h; path = vec2.hpp; sourceTree = "<group>"; };
		990CEB44228550580094965E /* vec3.hpp */ = {isa = PBXFileReference; fileEncoding = 4; lastKnownFileType = sourcecode.cpp.h; path = vec3.hpp; sourceTree = "<group>"; };
		990CEB45228550580094965E /* fwd.hpp */ = {isa = PBXFileReference; fileEncoding = 4; lastKnownFileType = sourcecode.cpp.h; path = fwd.hpp; sourceTree = "<group>"; };
		990CEB46228550580094965E /* mat4x3.hpp */ = {isa = PBXFileReference; fileEncoding = 4; lastKnownFileType = sourcecode.cpp.h; path = mat4x3.hpp; sourceTree = "<group>"; };
		990CEB47228550580094965E /* mat4x2.hpp */ = {isa = PBXFileReference; fileEncoding = 4; lastKnownFileType = sourcecode.cpp.h; path = mat4x2.hpp; sourceTree = "<group>"; };
		990CEB48228550580094965E /* mat2x4.hpp */ = {isa = PBXFileReference; fileEncoding = 4; lastKnownFileType = sourcecode.cpp.h; path = mat2x4.hpp; sourceTree = "<group>"; };
		990CEB49228550580094965E /* packing.hpp */ = {isa = PBXFileReference; fileEncoding = 4; lastKnownFileType = sourcecode.cpp.h; path = packing.hpp; sourceTree = "<group>"; };
		990CEB4A228550580094965E /* mat3x3.hpp */ = {isa = PBXFileReference; fileEncoding = 4; lastKnownFileType = sourcecode.cpp.h; path = mat3x3.hpp; sourceTree = "<group>"; };
		990CEB4B228550580094965E /* mat3x2.hpp */ = {isa = PBXFileReference; fileEncoding = 4; lastKnownFileType = sourcecode.cpp.h; path = mat3x2.hpp; sourceTree = "<group>"; };
		990CEB4C228550580094965E /* mat3x4.hpp */ = {isa = PBXFileReference; fileEncoding = 4; lastKnownFileType = sourcecode.cpp.h; path = mat3x4.hpp; sourceTree = "<group>"; };
		990CEB4D228550580094965E /* matrix.hpp */ = {isa = PBXFileReference; fileEncoding = 4; lastKnownFileType = sourcecode.cpp.h; path = matrix.hpp; sourceTree = "<group>"; };
		990CEB4E228550580094965E /* glm.hpp */ = {isa = PBXFileReference; fileEncoding = 4; lastKnownFileType = sourcecode.cpp.h; path = glm.hpp; sourceTree = "<group>"; };
		990CEB4F228550580094965E /* trigonometric.hpp */ = {isa = PBXFileReference; fileEncoding = 4; lastKnownFileType = sourcecode.cpp.h; path = trigonometric.hpp; sourceTree = "<group>"; };
		990CEB50228550580094965E /* geometric.hpp */ = {isa = PBXFileReference; fileEncoding = 4; lastKnownFileType = sourcecode.cpp.h; path = geometric.hpp; sourceTree = "<group>"; };
		990CEB52228550580094965E /* func_noise.inl */ = {isa = PBXFileReference; fileEncoding = 4; lastKnownFileType = text; path = func_noise.inl; sourceTree = "<group>"; };
		990CEB53228550580094965E /* type_vec.hpp */ = {isa = PBXFileReference; fileEncoding = 4; lastKnownFileType = sourcecode.cpp.h; path = type_vec.hpp; sourceTree = "<group>"; };
		990CEB54228550580094965E /* func_geometric.hpp */ = {isa = PBXFileReference; fileEncoding = 4; lastKnownFileType = sourcecode.cpp.h; path = func_geometric.hpp; sourceTree = "<group>"; };
		990CEB55228550580094965E /* func_exponential.inl */ = {isa = PBXFileReference; fileEncoding = 4; lastKnownFileType = text; path = func_exponential.inl; sourceTree = "<group>"; };
		990CEB56228550580094965E /* intrinsic_vector_relational.hpp */ = {isa = PBXFileReference; fileEncoding = 4; lastKnownFileType = sourcecode.cpp.h; path = intrinsic_vector_relational.hpp; sourceTree = "<group>"; };
		990CEB57228550580094965E /* func_trigonometric.hpp */ = {isa = PBXFileReference; fileEncoding = 4; lastKnownFileType = sourcecode.cpp.h; path = func_trigonometric.hpp; sourceTree = "<group>"; };
		990CEB58228550580094965E /* func_vector_relational.inl */ = {isa = PBXFileReference; fileEncoding = 4; lastKnownFileType = text; path = func_vector_relational.inl; sourceTree = "<group>"; };
		990CEB59228550580094965E /* func_packing.inl */ = {isa = PBXFileReference; fileEncoding = 4; lastKnownFileType = text; path = func_packing.inl; sourceTree = "<group>"; };
		990CEB5A228550580094965E /* func_common.hpp */ = {isa = PBXFileReference; fileEncoding = 4; lastKnownFileType = sourcecode.cpp.h; path = func_common.hpp; sourceTree = "<group>"; };
		990CEB5B228550580094965E /* _fixes.hpp */ = {isa = PBXFileReference; fileEncoding = 4; lastKnownFileType = sourcecode.cpp.h; path = _fixes.hpp; sourceTree = "<group>"; };
		990CEB5C228550580094965E /* type_half.inl */ = {isa = PBXFileReference; fileEncoding = 4; lastKnownFileType = text; path = type_half.inl; sourceTree = "<group>"; };
		990CEB5D228550580094965E /* intrinsic_matrix.inl */ = {isa = PBXFileReference; fileEncoding = 4; lastKnownFileType = text; path = intrinsic_matrix.inl; sourceTree = "<group>"; };
		990CEB5E228550580094965E /* func_integer.hpp */ = {isa = PBXFileReference; fileEncoding = 4; lastKnownFileType = sourcecode.cpp.h; path = func_integer.hpp; sourceTree = "<group>"; };
		990CEB5F228550580094965E /* intrinsic_geometric.inl */ = {isa = PBXFileReference; fileEncoding = 4; lastKnownFileType = text; path = intrinsic_geometric.inl; sourceTree = "<group>"; };
		990CEB60228550580094965E /* _literals.hpp */ = {isa = PBXFileReference; fileEncoding = 4; lastKnownFileType = sourcecode.cpp.h; path = _literals.hpp; sourceTree = "<group>"; };
		990CEB61228550580094965E /* intrinsic_matrix.hpp */ = {isa = PBXFileReference; fileEncoding = 4; lastKnownFileType = sourcecode.cpp.h; path = intrinsic_matrix.hpp; sourceTree = "<group>"; };
		990CEB62228550580094965E /* type_int.hpp */ = {isa = PBXFileReference; fileEncoding = 4; lastKnownFileType = sourcecode.cpp.h; path = type_int.hpp; sourceTree = "<group>"; };
		990CEB63228550580094965E /* _noise.hpp */ = {isa = PBXFileReference; fileEncoding = 4; lastKnownFileType = sourcecode.cpp.h; path = _noise.hpp; sourceTree = "<group>"; };
		990CEB64228550580094965E /* type_half.hpp */ = {isa = PBXFileReference; fileEncoding = 4; lastKnownFileType = sourcecode.cpp.h; path = type_half.hpp; sourceTree = "<group>"; };
		990CEB65228550580094965E /* _features.hpp */ = {isa = PBXFileReference; fileEncoding = 4; lastKnownFileType = sourcecode.cpp.h; path = _features.hpp; sourceTree = "<group>"; };
		990CEB66228550580094965E /* intrinsic_geometric.hpp */ = {isa = PBXFileReference; fileEncoding = 4; lastKnownFileType = sourcecode.cpp.h; path = intrinsic_geometric.hpp; sourceTree = "<group>"; };
		990CEB67228550580094965E /* func_integer.inl */ = {isa = PBXFileReference; fileEncoding = 4; lastKnownFileType = text; path = func_integer.inl; sourceTree = "<group>"; };
		990CEB68228550580094965E /* intrinsic_vector_relational.inl */ = {isa = PBXFileReference; fileEncoding = 4; lastKnownFileType = text; path = intrinsic_vector_relational.inl; sourceTree = "<group>"; };
		990CEB69228550580094965E /* _vectorize.hpp */ = {isa = PBXFileReference; fileEncoding = 4; lastKnownFileType = sourcecode.cpp.h; path = _vectorize.hpp; sourceTree = "<group>"; };
		990CEB6A228550580094965E /* func_exponential.hpp */ = {isa = PBXFileReference; fileEncoding = 4; lastKnownFileType = sourcecode.cpp.h; path = func_exponential.hpp; sourceTree = "<group>"; };
		990CEB6B228550580094965E /* func_geometric.inl */ = {isa = PBXFileReference; fileEncoding = 4; lastKnownFileType = text; path = func_geometric.inl; sourceTree = "<group>"; };
		990CEB6C228550580094965E /* func_noise.hpp */ = {isa = PBXFileReference; fileEncoding = 4; lastKnownFileType = sourcecode.cpp.h; path = func_noise.hpp; sourceTree = "<group>"; };
		990CEB6D228550580094965E /* type_vec.inl */ = {isa = PBXFileReference; fileEncoding = 4; lastKnownFileType = text; path = type_vec.inl; sourceTree = "<group>"; };
		990CEB6E228550580094965E /* func_common.inl */ = {isa = PBXFileReference; fileEncoding = 4; lastKnownFileType = text; path = func_common.inl; sourceTree = "<group>"; };
		990CEB6F228550580094965E /* func_packing.hpp */ = {isa = PBXFileReference; fileEncoding = 4; lastKnownFileType = sourcecode.cpp.h; path = func_packing.hpp; sourceTree = "<group>"; };
		990CEB70228550580094965E /* func_vector_relational.hpp */ = {isa = PBXFileReference; fileEncoding = 4; lastKnownFileType = sourcecode.cpp.h; path = func_vector_relational.hpp; sourceTree = "<group>"; };
		990CEB71228550580094965E /* func_trigonometric.inl */ = {isa = PBXFileReference; fileEncoding = 4; lastKnownFileType = text; path = func_trigonometric.inl; sourceTree = "<group>"; };
		990CEB72228550580094965E /* type_mat2x4.inl */ = {isa = PBXFileReference; fileEncoding = 4; lastKnownFileType = text; path = type_mat2x4.inl; sourceTree = "<group>"; };
		990CEB73228550580094965E /* type_mat4x2.inl */ = {isa = PBXFileReference; fileEncoding = 4; lastKnownFileType = text; path = type_mat4x2.inl; sourceTree = "<group>"; };
		990CEB74228550580094965E /* _swizzle.hpp */ = {isa = PBXFileReference; fileEncoding = 4; lastKnownFileType = sourcecode.cpp.h; path = _swizzle.hpp; sourceTree = "<group>"; };
		990CEB75228550580094965E /* hint.hpp */ = {isa = PBXFileReference; fileEncoding = 4; lastKnownFileType = sourcecode.cpp.h; path = hint.hpp; sourceTree = "<group>"; };
		990CEB76228550580094965E /* type_mat4x3.inl */ = {isa = PBXFileReference; fileEncoding = 4; lastKnownFileType = text; path = type_mat4x3.inl; sourceTree = "<group>"; };
		990CEB77228550580094965E /* intrinsic_common.inl */ = {isa = PBXFileReference; fileEncoding = 4; lastKnownFileType = text; path = intrinsic_common.inl; sourceTree = "<group>"; };
		990CEB78228550580094965E /* type_vec4.inl */ = {isa = PBXFileReference; fileEncoding = 4; lastKnownFileType = text; path = type_vec4.inl; sourceTree = "<group>"; };
		990CEB79228550580094965E /* precision.hpp */ = {isa = PBXFileReference; fileEncoding = 4; lastKnownFileType = sourcecode.cpp.h; path = precision.hpp; sourceTree = "<group>"; };
		990CEB7A228550580094965E /* type_mat3x3.hpp */ = {isa = PBXFileReference; fileEncoding = 4; lastKnownFileType = sourcecode.cpp.h; path = type_mat3x3.hpp; sourceTree = "<group>"; };
		990CEB7B228550580094965E /* type_mat3x2.hpp */ = {isa = PBXFileReference; fileEncoding = 4; lastKnownFileType = sourcecode.cpp.h; path = type_mat3x2.hpp; sourceTree = "<group>"; };
		990CEB7C228550580094965E /* dummy.cpp */ = {isa = PBXFileReference; fileEncoding = 4; lastKnownFileType = sourcecode.cpp.cpp; path = dummy.cpp; sourceTree = "<group>"; };
		990CEB7D228550580094965E /* type_mat.hpp */ = {isa = PBXFileReference; fileEncoding = 4; lastKnownFileType = sourcecode.cpp.h; path = type_mat.hpp; sourceTree = "<group>"; };
		990CEB7E228550580094965E /* setup.hpp */ = {isa = PBXFileReference; fileEncoding = 4; lastKnownFileType = sourcecode.cpp.h; path = setup.hpp; sourceTree = "<group>"; };
		990CEB7F228550580094965E /* type_mat2x2.inl */ = {isa = PBXFileReference; fileEncoding = 4; lastKnownFileType = text; path = type_mat2x2.inl; sourceTree = "<group>"; };
		990CEB80228550580094965E /* type_vec1.inl */ = {isa = PBXFileReference; fileEncoding = 4; lastKnownFileType = text; path = type_vec1.inl; sourceTree = "<group>"; };
		990CEB81228550580094965E /* func_matrix.hpp */ = {isa = PBXFileReference; fileEncoding = 4; lastKnownFileType = sourcecode.cpp.h; path = func_matrix.hpp; sourceTree = "<group>"; };
		990CEB82228550580094965E /* type_mat4x4.inl */ = {isa = PBXFileReference; fileEncoding = 4; lastKnownFileType = text; path = type_mat4x4.inl; sourceTree = "<group>"; };
		990CEB83228550580094965E /* intrinsic_trigonometric.inl */ = {isa = PBXFileReference; fileEncoding = 4; lastKnownFileType = text; path = intrinsic_trigonometric.inl; sourceTree = "<group>"; };
		990CEB84228550580094965E /* type_mat2x3.inl */ = {isa = PBXFileReference; fileEncoding = 4; lastKnownFileType = text; path = type_mat2x3.inl; sourceTree = "<group>"; };
		990CEB85228550580094965E /* intrinsic_integer.inl */ = {isa = PBXFileReference; fileEncoding = 4; lastKnownFileType = text; path = intrinsic_integer.inl; sourceTree = "<group>"; };
		990CEB86228550580094965E /* type_vec2.inl */ = {isa = PBXFileReference; fileEncoding = 4; lastKnownFileType = text; path = type_vec2.inl; sourceTree = "<group>"; };
		990CEB87228550580094965E /* glm.cpp */ = {isa = PBXFileReference; fileEncoding = 4; lastKnownFileType = sourcecode.cpp.cpp; path = glm.cpp; sourceTree = "<group>"; };
		990CEB88228550580094965E /* type_gentype.inl */ = {isa = PBXFileReference; fileEncoding = 4; lastKnownFileType = text; path = type_gentype.inl; sourceTree = "<group>"; };
		990CEB89228550580094965E /* type_mat3x4.hpp */ = {isa = PBXFileReference; fileEncoding = 4; lastKnownFileType = sourcecode.cpp.h; path = type_mat3x4.hpp; sourceTree = "<group>"; };
		990CEB8A228550580094965E /* intrinsic_exponential.hpp */ = {isa = PBXFileReference; fileEncoding = 4; lastKnownFileType = sourcecode.cpp.h; path = intrinsic_exponential.hpp; sourceTree = "<group>"; };
		990CEB8B228550580094965E /* type_vec3.inl */ = {isa = PBXFileReference; fileEncoding = 4; lastKnownFileType = text; path = type_vec3.inl; sourceTree = "<group>"; };
		990CEB8C228550580094965E /* intrinsic_integer.hpp */ = {isa = PBXFileReference; fileEncoding = 4; lastKnownFileType = sourcecode.cpp.h; path = intrinsic_integer.hpp; sourceTree = "<group>"; };
		990CEB8D228550580094965E /* type_mat2x3.hpp */ = {isa = PBXFileReference; fileEncoding = 4; lastKnownFileType = sourcecode.cpp.h; path = type_mat2x3.hpp; sourceTree = "<group>"; };
		990CEB8E228550580094965E /* type_mat4x4.hpp */ = {isa = PBXFileReference; fileEncoding = 4; lastKnownFileType = sourcecode.cpp.h; path = type_mat4x4.hpp; sourceTree = "<group>"; };
		990CEB8F228550580094965E /* func_matrix.inl */ = {isa = PBXFileReference; fileEncoding = 4; lastKnownFileType = text; path = func_matrix.inl; sourceTree = "<group>"; };
		990CEB90228550580094965E /* intrinsic_trigonometric.hpp */ = {isa = PBXFileReference; fileEncoding = 4; lastKnownFileType = sourcecode.cpp.h; path = intrinsic_trigonometric.hpp; sourceTree = "<group>"; };
		990CEB91228550580094965E /* type_mat2x2.hpp */ = {isa = PBXFileReference; fileEncoding = 4; lastKnownFileType = sourcecode.cpp.h; path = type_mat2x2.hpp; sourceTree = "<group>"; };
		990CEB92228550580094965E /* type_vec1.hpp */ = {isa = PBXFileReference; fileEncoding = 4; lastKnownFileType = sourcecode.cpp.h; path = type_vec1.hpp; sourceTree = "<group>"; };
		990CEB93228550580094965E /* _swizzle_func.hpp */ = {isa = PBXFileReference; fileEncoding = 4; lastKnownFileType = sourcecode.cpp.h; path = _swizzle_func.hpp; sourceTree = "<group>"; };
		990CEB94228550580094965E /* type_vec3.hpp */ = {isa = PBXFileReference; fileEncoding = 4; lastKnownFileType = sourcecode.cpp.h; path = type_vec3.hpp; sourceTree = "<group>"; };
		990CEB95228550580094965E /* type_mat3x4.inl */ = {isa = PBXFileReference; fileEncoding = 4; lastKnownFileType = text; path = type_mat3x4.inl; sourceTree = "<group>"; };
		990CEB96228550580094965E /* intrinsic_exponential.inl */ = {isa = PBXFileReference; fileEncoding = 4; lastKnownFileType = text; path = intrinsic_exponential.inl; sourceTree = "<group>"; };
		990CEB97228550580094965E /* type_gentype.hpp */ = {isa = PBXFileReference; fileEncoding = 4; lastKnownFileType = sourcecode.cpp.h; path = type_gentype.hpp; sourceTree = "<group>"; };
		990CEB98228550580094965E /* type_vec2.hpp */ = {isa = PBXFileReference; fileEncoding = 4; lastKnownFileType = sourcecode.cpp.h; path = type_vec2.hpp; sourceTree = "<group>"; };
		990CEB99228550580094965E /* type_mat4x3.hpp */ = {isa = PBXFileReference; fileEncoding = 4; lastKnownFileType = sourcecode.cpp.h; path = type_mat4x3.hpp; sourceTree = "<group>"; };
		990CEB9A228550580094965E /* type_mat4x2.hpp */ = {isa = PBXFileReference; fileEncoding = 4; lastKnownFileType = sourcecode.cpp.h; path = type_mat4x2.hpp; sourceTree = "<group>"; };
		990CEB9B228550580094965E /* type_float.hpp */ = {isa = PBXFileReference; fileEncoding = 4; lastKnownFileType = sourcecode.cpp.h; path = type_float.hpp; sourceTree = "<group>"; };
		990CEB9C228550580094965E /* type_mat2x4.hpp */ = {isa = PBXFileReference; fileEncoding = 4; lastKnownFileType = sourcecode.cpp.h; path = type_mat2x4.hpp; sourceTree = "<group>"; };
		990CEB9D228550580094965E /* type_mat.inl */ = {isa = PBXFileReference; fileEncoding = 4; lastKnownFileType = text; path = type_mat.inl; sourceTree = "<group>"; };
		990CEB9E228550580094965E /* type_mat3x2.inl */ = {isa = PBXFileReference; fileEncoding = 4; lastKnownFileType = text; path = type_mat3x2.inl; sourceTree = "<group>"; };
		990CEB9F228550580094965E /* precision.inl */ = {isa = PBXFileReference; fileEncoding = 4; lastKnownFileType = text; path = precision.inl; sourceTree = "<group>"; };
		990CEBA0228550580094965E /* type_mat3x3.inl */ = {isa = PBXFileReference; fileEncoding = 4; lastKnownFileType = text; path = type_mat3x3.inl; sourceTree = "<group>"; };
		990CEBA1228550580094965E /* type_vec4.hpp */ = {isa = PBXFileReference; fileEncoding = 4; lastKnownFileType = sourcecode.cpp.h; path = type_vec4.hpp; sourceTree = "<group>"; };
		990CEBA2228550580094965E /* intrinsic_common.hpp */ = {isa = PBXFileReference; fileEncoding = 4; lastKnownFileType = sourcecode.cpp.h; path = intrinsic_common.hpp; sourceTree = "<group>"; };
		990CEBA3228550580094965E /* ext.hpp */ = {isa = PBXFileReference; fileEncoding = 4; lastKnownFileType = sourcecode.cpp.h; path = ext.hpp; sourceTree = "<group>"; };
		990CEBA5228550580094965E /* matrix_integer.hpp */ = {isa = PBXFileReference; fileEncoding = 4; lastKnownFileType = sourcecode.cpp.h; path = matrix_integer.hpp; sourceTree = "<group>"; };
		990CEBA6228550580094965E /* matrix_inverse.inl */ = {isa = PBXFileReference; fileEncoding = 4; lastKnownFileType = text; path = matrix_inverse.inl; sourceTree = "<group>"; };
		990CEBA7228550580094965E /* quaternion.inl */ = {isa = PBXFileReference; fileEncoding = 4; lastKnownFileType = text; path = quaternion.inl; sourceTree = "<group>"; };
		990CEBA8228550580094965E /* packing.inl */ = {isa = PBXFileReference; fileEncoding = 4; lastKnownFileType = text; path = packing.inl; sourceTree = "<group>"; };
		990CEBA9228550580094965E /* matrix_transform.inl */ = {isa = PBXFileReference; fileEncoding = 4; lastKnownFileType = text; path = matrix_transform.inl; sourceTree = "<group>"; };
		990CEBAA228550580094965E /* type_precision.inl */ = {isa = PBXFileReference; fileEncoding = 4; lastKnownFileType = text; path = type_precision.inl; sourceTree = "<group>"; };
		990CEBAB228550580094965E /* ulp.hpp */ = {isa = PBXFileReference; fileEncoding = 4; lastKnownFileType = sourcecode.cpp.h; path = ulp.hpp; sourceTree = "<group>"; };
		990CEBAC228550580094965E /* packing.hpp */ = {isa = PBXFileReference; fileEncoding = 4; lastKnownFileType = sourcecode.cpp.h; path = packing.hpp; sourceTree = "<group>"; };
		990CEBAD228550580094965E /* ulp.inl */ = {isa = PBXFileReference; fileEncoding = 4; lastKnownFileType = text; path = ulp.inl; sourceTree = "<group>"; };
		990CEBAE228550580094965E /* matrix_transform.hpp */ = {isa = PBXFileReference; fileEncoding = 4; lastKnownFileType = sourcecode.cpp.h; path = matrix_transform.hpp; sourceTree = "<group>"; };
		990CEBAF228550580094965E /* type_precision.hpp */ = {isa = PBXFileReference; fileEncoding = 4; lastKnownFileType = sourcecode.cpp.h; path = type_precision.hpp; sourceTree = "<group>"; };
		990CEBB0228550580094965E /* quaternion.hpp */ = {isa = PBXFileReference; fileEncoding = 4; lastKnownFileType = sourcecode.cpp.h; path = quaternion.hpp; sourceTree = "<group>"; };
		990CEBB1228550580094965E /* matrix_inverse.hpp */ = {isa = PBXFileReference; fileEncoding = 4; lastKnownFileType = sourcecode.cpp.h; path = matrix_inverse.hpp; sourceTree = "<group>"; };
		990CEBB2228550580094965E /* epsilon.inl */ = {isa = PBXFileReference; fileEncoding = 4; lastKnownFileType = text; path = epsilon.inl; sourceTree = "<group>"; };
		990CEBB3228550580094965E /* random.hpp */ = {isa = PBXFileReference; fileEncoding = 4; lastKnownFileType = sourcecode.cpp.h; path = random.hpp; sourceTree = "<group>"; };
		990CEBB4228550580094965E /* matrix_access.inl */ = {isa = PBXFileReference; fileEncoding = 4; lastKnownFileType = text; path = matrix_access.inl; sourceTree = "<group>"; };
		990CEBB5228550580094965E /* type_ptr.hpp */ = {isa = PBXFileReference; fileEncoding = 4; lastKnownFileType = sourcecode.cpp.h; path = type_ptr.hpp; sourceTree = "<group>"; };
		990CEBB6228550580094965E /* reciprocal.inl */ = {isa = PBXFileReference; fileEncoding = 4; lastKnownFileType = text; path = reciprocal.inl; sourceTree = "<group>"; };
		990CEBB7228550580094965E /* constants.hpp */ = {isa = PBXFileReference; fileEncoding = 4; lastKnownFileType = sourcecode.cpp.h; path = constants.hpp; sourceTree = "<group>"; };
		990CEBB8228550580094965E /* noise.hpp */ = {isa = PBXFileReference; fileEncoding = 4; lastKnownFileType = sourcecode.cpp.h; path = noise.hpp; sourceTree = "<group>"; };
		990CEBB9228550580094965E /* noise.inl */ = {isa = PBXFileReference; fileEncoding = 4; lastKnownFileType = text; path = noise.inl; sourceTree = "<group>"; };
		990CEBBA228550580094965E /* matrix_access.hpp */ = {isa = PBXFileReference; fileEncoding = 4; lastKnownFileType = sourcecode.cpp.h; path = matrix_access.hpp; sourceTree = "<group>"; };
		990CEBBB228550580094965E /* random.inl */ = {isa = PBXFileReference; fileEncoding = 4; lastKnownFileType = text; path = random.inl; sourceTree = "<group>"; };
		990CEBBC228550580094965E /* epsilon.hpp */ = {isa = PBXFileReference; fileEncoding = 4; lastKnownFileType = sourcecode.cpp.h; path = epsilon.hpp; sourceTree = "<group>"; };
		990CEBBD228550580094965E /* constants.inl */ = {isa = PBXFileReference; fileEncoding = 4; lastKnownFileType = text; path = constants.inl; sourceTree = "<group>"; };
		990CEBBE228550580094965E /* reciprocal.hpp */ = {isa = PBXFileReference; fileEncoding = 4; lastKnownFileType = sourcecode.cpp.h; path = reciprocal.hpp; sourceTree = "<group>"; };
		990CEBBF228550580094965E /* type_ptr.inl */ = {isa = PBXFileReference; fileEncoding = 4; lastKnownFileType = text; path = type_ptr.inl; sourceTree = "<group>"; };
		990CEBC0228550580094965E /* common.hpp */ = {isa = PBXFileReference; fileEncoding = 4; lastKnownFileType = sourcecode.cpp.h; path = common.hpp; sourceTree = "<group>"; };
		990CEBC2228550580094965E /* vector_angle.hpp */ = {isa = PBXFileReference; fileEncoding = 4; lastKnownFileType = sourcecode.cpp.h; path = vector_angle.hpp; sourceTree = "<group>"; };
		990CEBC3228550580094965E /* log_base.inl */ = {isa = PBXFileReference; fileEncoding = 4; lastKnownFileType = text; path = log_base.inl; sourceTree = "<group>"; };
		990CEBC4228550580094965E /* matrix_query.inl */ = {isa = PBXFileReference; fileEncoding = 4; lastKnownFileType = text; path = matrix_query.inl; sourceTree = "<group>"; };
		990CEBC5228550580094965E /* extend.inl */ = {isa = PBXFileReference; fileEncoding = 4; lastKnownFileType = text; path = extend.inl; sourceTree = "<group>"; };
		990CEBC6228550580094965E /* simd_vec4.hpp */ = {isa = PBXFileReference; fileEncoding = 4; lastKnownFileType = sourcecode.cpp.h; path = simd_vec4.hpp; sourceTree = "<group>"; };
		990CEBC7228550580094965E /* integer.hpp */ = {isa = PBXFileReference; fileEncoding = 4; lastKnownFileType = sourcecode.cpp.h; path = integer.hpp; sourceTree = "<group>"; };
		990CEBC8228550580094965E /* associated_min_max.inl */ = {isa = PBXFileReference; fileEncoding = 4; lastKnownFileType = text; path = associated_min_max.inl; sourceTree = "<group>"; };
		990CEBC9228550580094965E /* matrix_transform_2d.inl */ = {isa = PBXFileReference; fileEncoding = 4; lastKnownFileType = text; path = matrix_transform_2d.inl; sourceTree = "<group>"; };
		990CEBCA228550580094965E /* rotate_vector.hpp */ = {isa = PBXFileReference; fileEncoding = 4; lastKnownFileType = sourcecode.cpp.h; path = rotate_vector.hpp; sourceTree = "<group>"; };
		990CEBCB228550580094965E /* matrix_interpolation.hpp */ = {isa = PBXFileReference; fileEncoding = 4; lastKnownFileType = sourcecode.cpp.h; path = matrix_interpolation.hpp; sourceTree = "<group>"; };
		990CEBCC228550580094965E /* quaternion.inl */ = {isa = PBXFileReference; fileEncoding = 4; lastKnownFileType = text; path = quaternion.inl; sourceTree = "<group>"; };
		990CEBCD228550580094965E /* gradient_paint.inl */ = {isa = PBXFileReference; fileEncoding = 4; lastKnownFileType = text; path = gradient_paint.inl; sourceTree = "<group>"; };
		990CEBCE228550580094965E /* string_cast.hpp */ = {isa = PBXFileReference; fileEncoding = 4; lastKnownFileType = sourcecode.cpp.h; path = string_cast.hpp; sourceTree = "<group>"; };
		990CEBCF228550580094965E /* color_space_YCoCg.hpp */ = {isa = PBXFileReference; fileEncoding = 4; lastKnownFileType = sourcecode.cpp.h; path = color_space_YCoCg.hpp; sourceTree = "<group>"; };
		990CEBD0228550580094965E /* euler_angles.inl */ = {isa = PBXFileReference; fileEncoding = 4; lastKnownFileType = text; path = euler_angles.inl; sourceTree = "<group>"; };
		990CEBD1228550580094965E /* fast_square_root.hpp */ = {isa = PBXFileReference; fileEncoding = 4; lastKnownFileType = sourcecode.cpp.h; path = fast_square_root.hpp; sourceTree = "<group>"; };
		990CEBD2228550580094965E /* raw_data.inl */ = {isa = PBXFileReference; fileEncoding = 4; lastKnownFileType = text; path = raw_data.inl; sourceTree = "<group>"; };
		990CEBD3228550580094965E /* matrix_cross_product.inl */ = {isa = PBXFileReference; fileEncoding = 4; lastKnownFileType = text; path = matrix_cross_product.inl; sourceTree = "<group>"; };
		990CEBD4228550580094965E /* spline.hpp */ = {isa = PBXFileReference; fileEncoding = 4; lastKnownFileType = sourcecode.cpp.h; path = spline.hpp; sourceTree = "<group>"; };
		990CEBD5228550580094965E /* fast_trigonometry.hpp */ = {isa = PBXFileReference; fileEncoding = 4; lastKnownFileType = sourcecode.cpp.h; path = fast_trigonometry.hpp; sourceTree = "<group>"; };
		990CEBD6228550580094965E /* optimum_pow.inl */ = {isa = PBXFileReference; fileEncoding = 4; lastKnownFileType = text; path = optimum_pow.inl; sourceTree = "<group>"; };
		990CEBD7228550580094965E /* simd_mat4.inl */ = {isa = PBXFileReference; fileEncoding = 4; lastKnownFileType = text; path = simd_mat4.inl; sourceTree = "<group>"; };
		990CEBD8228550580094965E /* dual_quaternion.hpp */ = {isa = PBXFileReference; fileEncoding = 4; lastKnownFileType = sourcecode.cpp.h; path = dual_quaternion.hpp; sourceTree = "<group>"; };
		990CEBD9228550580094965E /* closest_point.hpp */ = {isa = PBXFileReference; fileEncoding = 4; lastKnownFileType = sourcecode.cpp.h; path = closest_point.hpp; sourceTree = "<group>"; };
		990CEBDA228550580094965E /* vec1.hpp */ = {isa = PBXFileReference; fileEncoding = 4; lastKnownFileType = sourcecode.cpp.h; path = vec1.hpp; sourceTree = "<group>"; };
		990CEBDB228550580094965E /* ulp.hpp */ = {isa = PBXFileReference; fileEncoding = 4; lastKnownFileType = sourcecode.cpp.h; path = ulp.hpp; sourceTree = "<group>"; };
		990CEBDC228550580094965E /* number_precision.inl */ = {isa = PBXFileReference; fileEncoding = 4; lastKnownFileType = text; path = number_precision.inl; sourceTree = "<group>"; };
		990CEBDD228550580094965E /* mixed_product.inl */ = {isa = PBXFileReference; fileEncoding = 4; lastKnownFileType = text; path = mixed_product.inl; sourceTree = "<group>"; };
		990CEBDE228550580094965E /* transform.inl */ = {isa = PBXFileReference; fileEncoding = 4; lastKnownFileType = text; path = transform.inl; sourceTree = "<group>"; };
		990CEBDF228550580094965E /* bit.inl */ = {isa = PBXFileReference; fileEncoding = 4; lastKnownFileType = text; path = bit.inl; sourceTree = "<group>"; };
		990CEBE0228550580094965E /* io.inl */ = {isa = PBXFileReference; fileEncoding = 4; lastKnownFileType = text; path = io.inl; sourceTree = "<group>"; };
		990CEBE1228550580094965E /* fast_trigonometry.inl */ = {isa = PBXFileReference; fileEncoding = 4; lastKnownFileType = text; path = fast_trigonometry.inl; sourceTree = "<group>"; };
		990CEBE2228550580094965E /* optimum_pow.hpp */ = {isa = PBXFileReference; fileEncoding = 4; lastKnownFileType = sourcecode.cpp.h; path = optimum_pow.hpp; sourceTree = "<group>"; };
		990CEBE3228550580094965E /* spline.inl */ = {isa = PBXFileReference; fileEncoding = 4; lastKnownFileType = text; path = spline.inl; sourceTree = "<group>"; };
		990CEBE4228550580094965E /* raw_data.hpp */ = {isa = PBXFileReference; fileEncoding = 4; lastKnownFileType = sourcecode.cpp.h; path = raw_data.hpp; sourceTree = "<group>"; };
		990CEBE5228550580094965E /* matrix_cross_product.hpp */ = {isa = PBXFileReference; fileEncoding = 4; lastKnownFileType = sourcecode.cpp.h; path = matrix_cross_product.hpp; sourceTree = "<group>"; };
		990CEBE6228550580094965E /* euler_angles.hpp */ = {isa = PBXFileReference; fileEncoding = 4; lastKnownFileType = sourcecode.cpp.h; path = euler_angles.hpp; sourceTree = "<group>"; };
		990CEBE7228550580094965E /* fast_square_root.inl */ = {isa = PBXFileReference; fileEncoding = 4; lastKnownFileType = text; path = fast_square_root.inl; sourceTree = "<group>"; };
		990CEBE8228550580094965E /* color_space_YCoCg.inl */ = {isa = PBXFileReference; fileEncoding = 4; lastKnownFileType = text; path = color_space_YCoCg.inl; sourceTree = "<group>"; };
		990CEBE9228550580094965E /* io.hpp */ = {isa = PBXFileReference; fileEncoding = 4; lastKnownFileType = sourcecode.cpp.h; path = io.hpp; sourceTree = "<group>"; };
		990CEBEA228550580094965E /* transform.hpp */ = {isa = PBXFileReference; fileEncoding = 4; lastKnownFileType = sourcecode.cpp.h; path = transform.hpp; sourceTree = "<group>"; };
		990CEBEB228550580094965E /* bit.hpp */ = {isa = PBXFileReference; fileEncoding = 4; lastKnownFileType = sourcecode.cpp.h; path = bit.hpp; sourceTree = "<group>"; };
		990CEBEC228550580094965E /* number_precision.hpp */ = {isa = PBXFileReference; fileEncoding = 4; lastKnownFileType = sourcecode.cpp.h; path = number_precision.hpp; sourceTree = "<group>"; };
		990CEBED228550580094965E /* mixed_product.hpp */ = {isa = PBXFileReference; fileEncoding = 4; lastKnownFileType = sourcecode.cpp.h; path = mixed_product.hpp; sourceTree = "<group>"; };
		990CEBEE228550580094965E /* closest_point.inl */ = {isa = PBXFileReference; fileEncoding = 4; lastKnownFileType = text; path = closest_point.inl; sourceTree = "<group>"; };
		990CEBEF228550580094965E /* simd_mat4.hpp */ = {isa = PBXFileReference; fileEncoding = 4; lastKnownFileType = sourcecode.cpp.h; path = simd_mat4.hpp; sourceTree = "<group>"; };
		990CEBF0228550580094965E /* dual_quaternion.inl */ = {isa = PBXFileReference; fileEncoding = 4; lastKnownFileType = text; path = dual_quaternion.inl; sourceTree = "<group>"; };
		990CEBF1228550580094965E /* vec1.inl */ = {isa = PBXFileReference; fileEncoding = 4; lastKnownFileType = text; path = vec1.inl; sourceTree = "<group>"; };
		990CEBF2228550580094965E /* associated_min_max.hpp */ = {isa = PBXFileReference; fileEncoding = 4; lastKnownFileType = sourcecode.cpp.h; path = associated_min_max.hpp; sourceTree = "<group>"; };
		990CEBF3228550580094965E /* matrix_transform_2d.hpp */ = {isa = PBXFileReference; fileEncoding = 4; lastKnownFileType = sourcecode.cpp.h; path = matrix_transform_2d.hpp; sourceTree = "<group>"; };
		990CEBF4228550580094965E /* integer.inl */ = {isa = PBXFileReference; fileEncoding = 4; lastKnownFileType = text; path = integer.inl; sourceTree = "<group>"; };
		990CEBF5228550580094965E /* simd_vec4.inl */ = {isa = PBXFileReference; fileEncoding = 4; lastKnownFileType = text; path = simd_vec4.inl; sourceTree = "<group>"; };
		990CEBF6228550580094965E /* log_base.hpp */ = {isa = PBXFileReference; fileEncoding = 4; lastKnownFileType = sourcecode.cpp.h; path = log_base.hpp; sourceTree = "<group>"; };
		990CEBF7228550580094965E /* matrix_query.hpp */ = {isa = PBXFileReference; fileEncoding = 4; lastKnownFileType = sourcecode.cpp.h; path = matrix_query.hpp; sourceTree = "<group>"; };
		990CEBF8228550580094965E /* vector_angle.inl */ = {isa = PBXFileReference; fileEncoding = 4; lastKnownFileType = text; path = vector_angle.inl; sourceTree = "<group>"; };
		990CEBF9228550580094965E /* extend.hpp */ = {isa = PBXFileReference; fileEncoding = 4; lastKnownFileType = sourcecode.cpp.h; path = extend.hpp; sourceTree = "<group>"; };
		990CEBFA228550580094965E /* gradient_paint.hpp */ = {isa = PBXFileReference; fileEncoding = 4; lastKnownFileType = sourcecode.cpp.h; path = gradient_paint.hpp; sourceTree = "<group>"; };
		990CEBFB228550580094965E /* quaternion.hpp */ = {isa = PBXFileReference; fileEncoding = 4; lastKnownFileType = sourcecode.cpp.h; path = quaternion.hpp; sourceTree = "<group>"; };
		990CEBFC228550580094965E /* string_cast.inl */ = {isa = PBXFileReference; fileEncoding = 4; lastKnownFileType = text; path = string_cast.inl; sourceTree = "<group>"; };
		990CEBFD228550580094965E /* rotate_vector.inl */ = {isa = PBXFileReference; fileEncoding = 4; lastKnownFileType = text; path = rotate_vector.inl; sourceTree = "<group>"; };
		990CEBFE228550580094965E /* matrix_interpolation.inl */ = {isa = PBXFileReference; fileEncoding = 4; lastKnownFileType = text; path = matrix_interpolation.inl; sourceTree = "<group>"; };
		990CEBFF228550580094965E /* vector_query.inl */ = {isa = PBXFileReference; fileEncoding = 4; lastKnownFileType = text; path = vector_query.inl; sourceTree = "<group>"; };
		990CEC00228550580094965E /* polar_coordinates.hpp */ = {isa = PBXFileReference; fileEncoding = 4; lastKnownFileType = sourcecode.cpp.h; path = polar_coordinates.hpp; sourceTree = "<group>"; };
		990CEC01228550580094965E /* orthonormalize.inl */ = {isa = PBXFileReference; fileEncoding = 4; lastKnownFileType = text; path = orthonormalize.inl; sourceTree = "<group>"; };
		990CEC02228550580094965E /* simd_quat.hpp */ = {isa = PBXFileReference; fileEncoding = 4; lastKnownFileType = sourcecode.cpp.h; path = simd_quat.hpp; sourceTree = "<group>"; };
		990CEC03228550580094965E /* inertia.hpp */ = {isa = PBXFileReference; fileEncoding = 4; lastKnownFileType = sourcecode.cpp.h; path = inertia.hpp; sourceTree = "<group>"; };
		990CEC04228550580094965E /* random.hpp */ = {isa = PBXFileReference; fileEncoding = 4; lastKnownFileType = sourcecode.cpp.h; path = random.hpp; sourceTree = "<group>"; };
		990CEC05228550580094965E /* component_wise.inl */ = {isa = PBXFileReference; fileEncoding = 4; lastKnownFileType = text; path = component_wise.inl; sourceTree = "<group>"; };
		990CEC06228550580094965E /* normalize_dot.inl */ = {isa = PBXFileReference; fileEncoding = 4; lastKnownFileType = text; path = normalize_dot.inl; sourceTree = "<group>"; };
		990CEC07228550580094965E /* std_based_type.inl */ = {isa = PBXFileReference; fileEncoding = 4; lastKnownFileType = text; path = std_based_type.inl; sourceTree = "<group>"; };
		990CEC08228550580094965E /* projection.hpp */ = {isa = PBXFileReference; fileEncoding = 4; lastKnownFileType = sourcecode.cpp.h; path = projection.hpp; sourceTree = "<group>"; };
		990CEC09228550580094965E /* multiple.hpp */ = {isa = PBXFileReference; fileEncoding = 4; lastKnownFileType = sourcecode.cpp.h; path = multiple.hpp; sourceTree = "<group>"; };
		990CEC0A228550580094965E /* int_10_10_10_2.hpp */ = {isa = PBXFileReference; fileEncoding = 4; lastKnownFileType = sourcecode.cpp.h; path = int_10_10_10_2.hpp; sourceTree = "<group>"; };
		990CEC0B228550580094965E /* compatibility.inl */ = {isa = PBXFileReference; fileEncoding = 4; lastKnownFileType = text; path = compatibility.inl; sourceTree = "<group>"; };
		990CEC0C228550580094965E /* scalar_relational.hpp */ = {isa = PBXFileReference; fileEncoding = 4; lastKnownFileType = sourcecode.cpp.h; path = scalar_relational.hpp; sourceTree = "<group>"; };
		990CEC0D228550580094965E /* wrap.hpp */ = {isa = PBXFileReference; fileEncoding = 4; lastKnownFileType = sourcecode.cpp.h; path = wrap.hpp; sourceTree = "<group>"; };
		990CEC0E228550580094965E /* rotate_normalized_axis.inl */ = {isa = PBXFileReference; fileEncoding = 4; lastKnownFileType = text; path = rotate_normalized_axis.inl; sourceTree = "<group>"; };
		990CEC0F228550580094965E /* constants.hpp */ = {isa = PBXFileReference; fileEncoding = 4; lastKnownFileType = sourcecode.cpp.h; path = constants.hpp; sourceTree = "<group>"; };
		990CEC10228550580094965E /* norm.hpp */ = {isa = PBXFileReference; fileEncoding = 4; lastKnownFileType = sourcecode.cpp.h; path = norm.hpp; sourceTree = "<group>"; };
		990CEC11228550580094965E /* matrix_major_storage.inl */ = {isa = PBXFileReference; fileEncoding = 4; lastKnownFileType = text; path = matrix_major_storage.inl; sourceTree = "<group>"; };
		990CEC12228550580094965E /* matrix_operation.inl */ = {isa = PBXFileReference; fileEncoding = 4; lastKnownFileType = text; path = matrix_operation.inl; sourceTree = "<group>"; };
		990CEC13228550580094965E /* color_space.hpp */ = {isa = PBXFileReference; fileEncoding = 4; lastKnownFileType = sourcecode.cpp.h; path = color_space.hpp; sourceTree = "<group>"; };
		990CEC14228550580094965E /* normal.hpp */ = {isa = PBXFileReference; fileEncoding = 4; lastKnownFileType = sourcecode.cpp.h; path = normal.hpp; sourceTree = "<group>"; };
		990CEC15228550580094965E /* intersect.inl */ = {isa = PBXFileReference; fileEncoding = 4; lastKnownFileType = text; path = intersect.inl; sourceTree = "<group>"; };
		990CEC16228550580094965E /* perpendicular.inl */ = {isa = PBXFileReference; fileEncoding = 4; lastKnownFileType = text; path = perpendicular.inl; sourceTree = "<group>"; };
		990CEC17228550580094965E /* extented_min_max.inl */ = {isa = PBXFileReference; fileEncoding = 4; lastKnownFileType = text; path = extented_min_max.inl; sourceTree = "<group>"; };
		990CEC18228550580094965E /* noise.hpp */ = {isa = PBXFileReference; fileEncoding = 4; lastKnownFileType = sourcecode.cpp.h; path = noise.hpp; sourceTree = "<group>"; };
		990CEC19228550580094965E /* transform2.inl */ = {isa = PBXFileReference; fileEncoding = 4; lastKnownFileType = text; path = transform2.inl; sourceTree = "<group>"; };
		990CEC1A228550580094965E /* fast_exponential.hpp */ = {isa = PBXFileReference; fileEncoding = 4; lastKnownFileType = sourcecode.cpp.h; path = fast_exponential.hpp; sourceTree = "<group>"; };
		990CEC1B228550580094965E /* unsigned_int.inl */ = {isa = PBXFileReference; fileEncoding = 4; lastKnownFileType = text; path = unsigned_int.inl; sourceTree = "<group>"; };
		990CEC1C228550580094965E /* handed_coordinate_space.hpp */ = {isa = PBXFileReference; fileEncoding = 4; lastKnownFileType = sourcecode.cpp.h; path = handed_coordinate_space.hpp; sourceTree = "<group>"; };
		990CEC1D228550580094965E /* intersect.hpp */ = {isa = PBXFileReference; fileEncoding = 4; lastKnownFileType = sourcecode.cpp.h; path = intersect.hpp; sourceTree = "<group>"; };
		990CEC1E228550580094965E /* perpendicular.hpp */ = {isa = PBXFileReference; fileEncoding = 4; lastKnownFileType = sourcecode.cpp.h; path = perpendicular.hpp; sourceTree = "<group>"; };
		990CEC1F228550580094965E /* matrix_operation.hpp */ = {isa = PBXFileReference; fileEncoding = 4; lastKnownFileType = sourcecode.cpp.h; path = matrix_operation.hpp; sourceTree = "<group>"; };
		990CEC20228550580094965E /* color_space.inl */ = {isa = PBXFileReference; fileEncoding = 4; lastKnownFileType = text; path = color_space.inl; sourceTree = "<group>"; };
		990CEC21228550580094965E /* normal.inl */ = {isa = PBXFileReference; fileEncoding = 4; lastKnownFileType = text; path = normal.inl; sourceTree = "<group>"; };
		990CEC22228550580094965E /* matrix_major_storage.hpp */ = {isa = PBXFileReference; fileEncoding = 4; lastKnownFileType = sourcecode.cpp.h; path = matrix_major_storage.hpp; sourceTree = "<group>"; };
		990CEC23228550580094965E /* norm.inl */ = {isa = PBXFileReference; fileEncoding = 4; lastKnownFileType = text; path = norm.inl; sourceTree = "<group>"; };
		990CEC24228550580094965E /* handed_coordinate_space.inl */ = {isa = PBXFileReference; fileEncoding = 4; lastKnownFileType = text; path = handed_coordinate_space.inl; sourceTree = "<group>"; };
		990CEC25228550580094965E /* unsigned_int.hpp */ = {isa = PBXFileReference; fileEncoding = 4; lastKnownFileType = sourcecode.cpp.h; path = unsigned_int.hpp; sourceTree = "<group>"; };
		990CEC26228550580094965E /* fast_exponential.inl */ = {isa = PBXFileReference; fileEncoding = 4; lastKnownFileType = text; path = fast_exponential.inl; sourceTree = "<group>"; };
		990CEC27228550580094965E /* transform2.hpp */ = {isa = PBXFileReference; fileEncoding = 4; lastKnownFileType = sourcecode.cpp.h; path = transform2.hpp; sourceTree = "<group>"; };
		990CEC28228550580094965E /* extented_min_max.hpp */ = {isa = PBXFileReference; fileEncoding = 4; lastKnownFileType = sourcecode.cpp.h; path = extented_min_max.hpp; sourceTree = "<group>"; };
		990CEC29228550580094965E /* std_based_type.hpp */ = {isa = PBXFileReference; fileEncoding = 4; lastKnownFileType = sourcecode.cpp.h; path = std_based_type.hpp; sourceTree = "<group>"; };
		990CEC2A228550580094965E /* orthonormalize.hpp */ = {isa = PBXFileReference; fileEncoding = 4; lastKnownFileType = sourcecode.cpp.h; path = orthonormalize.hpp; sourceTree = "<group>"; };
		990CEC2B228550580094965E /* normalize_dot.hpp */ = {isa = PBXFileReference; fileEncoding = 4; lastKnownFileType = sourcecode.cpp.h; path = normalize_dot.hpp; sourceTree = "<group>"; };
		990CEC2C228550580094965E /* simd_quat.inl */ = {isa = PBXFileReference; fileEncoding = 4; lastKnownFileType = text; path = simd_quat.inl; sourceTree = "<group>"; };
		990CEC2D228550580094965E /* inertia.inl */ = {isa = PBXFileReference; fileEncoding = 4; lastKnownFileType = text; path = inertia.inl; sourceTree = "<group>"; };
		990CEC2E228550580094965E /* component_wise.hpp */ = {isa = PBXFileReference; fileEncoding = 4; lastKnownFileType = sourcecode.cpp.h; path = component_wise.hpp; sourceTree = "<group>"; };
		990CEC2F228550580094965E /* polar_coordinates.inl */ = {isa = PBXFileReference; fileEncoding = 4; lastKnownFileType = text; path = polar_coordinates.inl; sourceTree = "<group>"; };
		990CEC30228550580094965E /* vector_query.hpp */ = {isa = PBXFileReference; fileEncoding = 4; lastKnownFileType = sourcecode.cpp.h; path = vector_query.hpp; sourceTree = "<group>"; };
		990CEC31228550580094965E /* epsilon.hpp */ = {isa = PBXFileReference; fileEncoding = 4; lastKnownFileType = sourcecode.cpp.h; path = epsilon.hpp; sourceTree = "<group>"; };
		990CEC32228550580094965E /* scalar_relational.inl */ = {isa = PBXFileReference; fileEncoding = 4; lastKnownFileType = text; path = scalar_relational.inl; sourceTree = "<group>"; };
		990CEC33228550580094965E /* wrap.inl */ = {isa = PBXFileReference; fileEncoding = 4; lastKnownFileType = text; path = wrap.inl; sourceTree = "<group>"; };
		990CEC34228550580094965E /* int_10_10_10_2.inl */ = {isa = PBXFileReference; fileEncoding = 4; lastKnownFileType = text; path = int_10_10_10_2.inl; sourceTree = "<group>"; };
		990CEC35228550580094965E /* compatibility.hpp */ = {isa = PBXFileReference; fileEncoding = 4; lastKnownFileType = sourcecode.cpp.h; path = compatibility.hpp; sourceTree = "<group>"; };
		990CEC36228550580094965E /* rotate_normalized_axis.hpp */ = {isa = PBXFileReference; fileEncoding = 4; lastKnownFileType = sourcecode.cpp.h; path = rotate_normalized_axis.hpp; sourceTree = "<group>"; };
		990CEC37228550580094965E /* reciprocal.hpp */ = {isa = PBXFileReference; fileEncoding = 4; lastKnownFileType = sourcecode.cpp.h; path = reciprocal.hpp; sourceTree = "<group>"; };
		990CEC38228550580094965E /* projection.inl */ = {isa = PBXFileReference; fileEncoding = 4; lastKnownFileType = text; path = projection.inl; sourceTree = "<group>"; };
		990CEC39228550580094965E /* multiple.inl */ = {isa = PBXFileReference; fileEncoding = 4; lastKnownFileType = text; path = multiple.inl; sourceTree = "<group>"; };
		990CEC46228551250094965E /* OpenGL.framework */ = {isa = PBXFileReference; lastKnownFileType = wrapper.framework; name = OpenGL.framework; path = System/Library/Frameworks/OpenGL.framework; sourceTree = SDKROOT; };
		990CEC5C228553E40094965E /* Cocoa.framework */ = {isa = PBXFileReference; lastKnownFileType = wrapper.framework; name = Cocoa.framework; path = System/Library/Frameworks/Cocoa.framework; sourceTree = SDKROOT; };
		990CEC5E228553EA0094965E /* IOKit.framework */ = {isa = PBXFileReference; lastKnownFileType = wrapper.framework; name = IOKit.framework; path = System/Library/Frameworks/IOKit.framework; sourceTree = SDKROOT; };
		990CEC6B22858B350094965E /* libglfw3.a */ = {isa = PBXFileReference; lastKnownFileType = archive.ar; name = libglfw3.a; path = ../Libs/osx/libglfw3.a; sourceTree = "<group>"; };
		990CEC6D228590860094965E /* Shader.cpp */ = {isa = PBXFileReference; lastKnownFileType = sourcecode.cpp.cpp; path = Shader.cpp; sourceTree = "<group>"; };
		990CEC7222868B4A0094965E /* libglfw3.a */ = {isa = PBXFileReference; lastKnownFileType = archive.ar; path = libglfw3.a; sourceTree = "<group>"; };
		990CEC7322868B4A0094965E /* platform_osx.mm */ = {isa = PBXFileReference; fileEncoding = 4; lastKnownFileType = sourcecode.cpp.objcpp; path = platform_osx.mm; sourceTree = "<group>"; };
		99CD90CF2286A9F2008F623A /* Program.cpp */ = {isa = PBXFileReference; lastKnownFileType = sourcecode.cpp.cpp; path = Program.cpp; sourceTree = "<group>"; };
		99CD90D22286B28B008F623A /* CoreVideo.framework */ = {isa = PBXFileReference; lastKnownFileType = wrapper.framework; name = CoreVideo.framework; path = System/Library/Frameworks/CoreVideo.framework; sourceTree = SDKROOT; };
		99CD90D82286B628008F623A /* fragment-shader.txt */ = {isa = PBXFileReference; fileEncoding = 4; lastKnownFileType = text; name = "fragment-shader.txt"; path = "DerivedData/opengl-series/Build/Products/Debug/fragment-shader.txt"; sourceTree = "<group>"; };
		99CD90D92286B628008F623A /* vertex-shader.txt */ = {isa = PBXFileReference; fileEncoding = 4; lastKnownFileType = text; name = "vertex-shader.txt"; path = "DerivedData/opengl-series/Build/Products/Debug/vertex-shader.txt"; sourceTree = "<group>"; };
/* End PBXFileReference section */

/* Begin PBXFrameworksBuildPhase section */
		990CEB0C22854FFC0094965E /* Frameworks */ = {
			isa = PBXFrameworksBuildPhase;
			buildActionMask = 2147483647;
			files = (
				990CEC8622869A370094965E /* libglfw3.a in Frameworks */,
				990CEC47228551250094965E /* OpenGL.framework in Frameworks */,
				990CEC5D228553E40094965E /* Cocoa.framework in Frameworks */,
				99CD90D32286B28B008F623A /* CoreVideo.framework in Frameworks */,
				99CD90D42286B2B6008F623A /* IOKit.framework in Frameworks */,
			);
			runOnlyForDeploymentPostprocessing = 0;
		};
/* End PBXFrameworksBuildPhase section */

/* Begin PBXGroup section */
		990CEB0622854FFC0094965E = {
			isa = PBXGroup;
			children = (
				990CEC7022868B4A0094965E /* Libs */,
				990CEB1122854FFC0094965E /* opengl-series */,
				990CEB1022854FFC0094965E /* Products */,
				99CD90D82286B628008F623A /* fragment-shader.txt */,
				99CD90D92286B628008F623A /* vertex-shader.txt */,
				990CEC45228551240094965E /* Frameworks */,
			);
			sourceTree = "<group>";
		};
		990CEB1022854FFC0094965E /* Products */ = {
			isa = PBXGroup;
			children = (
				990CEB0F22854FFC0094965E /* opengl-series */,
			);
			name = Products;
			sourceTree = "<group>";
		};
		990CEB1122854FFC0094965E /* opengl-series */ = {
			isa = PBXGroup;
			children = (
				990CEB24228550580094965E /* Includes */,
				990CEB192285500D0094965E /* 01_project_skeleton */,
			);
			path = "opengl-series";
			sourceTree = "<group>";
		};
		990CEB192285500D0094965E /* 01_project_skeleton */ = {
			isa = PBXGroup;
			children = (
				990CEB1D2285500D0094965E /* source */,
			);
			name = 01_project_skeleton;
			path = ../../01_project_skeleton;
			sourceTree = "<group>";
		};
		990CEB1D2285500D0094965E /* source */ = {
			isa = PBXGroup;
			children = (
				99CD90D12286B1AA008F623A /* TBD */,
				990CEB1E2285500D0094965E /* Shader.h */,
				990CEC6D228590860094965E /* Shader.cpp */,
				990CEB202285500D0094965E /* Program.h */,
				990CEB222285500D0094965E /* main.cpp */,
				99CD90CF2286A9F2008F623A /* Program.cpp */,
			);
			path = source;
			sourceTree = "<group>";
		};
		990CEB24228550580094965E /* Includes */ = {
			isa = PBXGroup;
			children = (
				990CEB25228550580094965E /* platform.hpp */,
				990CEB26228550580094965E /* glew */,
				990CEB31228550580094965E /* stb_image */,
				990CEB33228550580094965E /* glfw */,
				990CEB38228550580094965E /* glm */,
			);
			name = Includes;
			path = ../../Includes;
			sourceTree = "<group>";
		};
		990CEB26228550580094965E /* glew */ = {
			isa = PBXGroup;
			children = (
				990CEB27228550580094965E /* include */,
				990CEB2D228550580094965E /* src */,
			);
			path = glew;
			sourceTree = "<group>";
		};
		990CEB27228550580094965E /* include */ = {
			isa = PBXGroup;
			children = (
				990CEB28228550580094965E /* GL */,
			);
			path = include;
			sourceTree = "<group>";
		};
		990CEB28228550580094965E /* GL */ = {
			isa = PBXGroup;
			children = (
				990CEB29228550580094965E /* glxew.h */,
				990CEB2A228550580094965E /* eglew.h */,
				990CEB2B228550580094965E /* wglew.h */,
				990CEB2C228550580094965E /* glew.h */,
			);
			path = GL;
			sourceTree = "<group>";
		};
		990CEB2D228550580094965E /* src */ = {
			isa = PBXGroup;
			children = (
				990CEB2E228550580094965E /* glewinfo.c */,
				990CEB2F228550580094965E /* glew.c */,
				990CEB30228550580094965E /* visualinfo.c */,
			);
			path = src;
			sourceTree = "<group>";
		};
		990CEB31228550580094965E /* stb_image */ = {
			isa = PBXGroup;
			children = (
				990CEB32228550580094965E /* stb_image.h */,
			);
			path = stb_image;
			sourceTree = "<group>";
		};
		990CEB33228550580094965E /* glfw */ = {
			isa = PBXGroup;
			children = (
				990CEB34228550580094965E /* include */,
			);
			path = glfw;
			sourceTree = "<group>";
		};
		990CEB34228550580094965E /* include */ = {
			isa = PBXGroup;
			children = (
				990CEB35228550580094965E /* GLFW */,
			);
			path = include;
			sourceTree = "<group>";
		};
		990CEB35228550580094965E /* GLFW */ = {
			isa = PBXGroup;
			children = (
				990CEB36228550580094965E /* glfw3.h */,
				990CEB37228550580094965E /* glfw3native.h */,
			);
			path = GLFW;
			sourceTree = "<group>";
		};
		990CEB38228550580094965E /* glm */ = {
			isa = PBXGroup;
			children = (
				990CEB39228550580094965E /* copying.txt */,
				990CEB3A228550580094965E /* readme.txt */,
				990CEB3B228550580094965E /* glm */,
			);
			path = glm;
			sourceTree = "<group>";
		};
		990CEB3B228550580094965E /* glm */ = {
			isa = PBXGroup;
			children = (
				990CEB3C228550580094965E /* vec4.hpp */,
				990CEB3D228550580094965E /* integer.hpp */,
				990CEB3E228550580094965E /* vector_relational.hpp */,
				990CEB3F228550580094965E /* mat2x3.hpp */,
				990CEB40228550580094965E /* mat4x4.hpp */,
				990CEB41228550580094965E /* mat2x2.hpp */,
				990CEB42228550580094965E /* exponential.hpp */,
				990CEB43228550580094965E /* vec2.hpp */,
				990CEB44228550580094965E /* vec3.hpp */,
				990CEB45228550580094965E /* fwd.hpp */,
				990CEB46228550580094965E /* mat4x3.hpp */,
				990CEB47228550580094965E /* mat4x2.hpp */,
				990CEB48228550580094965E /* mat2x4.hpp */,
				990CEB49228550580094965E /* packing.hpp */,
				990CEB4A228550580094965E /* mat3x3.hpp */,
				990CEB4B228550580094965E /* mat3x2.hpp */,
				990CEB4C228550580094965E /* mat3x4.hpp */,
				990CEB4D228550580094965E /* matrix.hpp */,
				990CEB4E228550580094965E /* glm.hpp */,
				990CEB4F228550580094965E /* trigonometric.hpp */,
				990CEB50228550580094965E /* geometric.hpp */,
				990CEB51228550580094965E /* detail */,
				990CEBA3228550580094965E /* ext.hpp */,
				990CEBA4228550580094965E /* gtc */,
				990CEBC0228550580094965E /* common.hpp */,
				990CEBC1228550580094965E /* gtx */,
			);
			path = glm;
			sourceTree = "<group>";
		};
		990CEB51228550580094965E /* detail */ = {
			isa = PBXGroup;
			children = (
				990CEB52228550580094965E /* func_noise.inl */,
				990CEB53228550580094965E /* type_vec.hpp */,
				990CEB54228550580094965E /* func_geometric.hpp */,
				990CEB55228550580094965E /* func_exponential.inl */,
				990CEB56228550580094965E /* intrinsic_vector_relational.hpp */,
				990CEB57228550580094965E /* func_trigonometric.hpp */,
				990CEB58228550580094965E /* func_vector_relational.inl */,
				990CEB59228550580094965E /* func_packing.inl */,
				990CEB5A228550580094965E /* func_common.hpp */,
				990CEB5B228550580094965E /* _fixes.hpp */,
				990CEB5C228550580094965E /* type_half.inl */,
				990CEB5D228550580094965E /* intrinsic_matrix.inl */,
				990CEB5E228550580094965E /* func_integer.hpp */,
				990CEB5F228550580094965E /* intrinsic_geometric.inl */,
				990CEB60228550580094965E /* _literals.hpp */,
				990CEB61228550580094965E /* intrinsic_matrix.hpp */,
				990CEB62228550580094965E /* type_int.hpp */,
				990CEB63228550580094965E /* _noise.hpp */,
				990CEB64228550580094965E /* type_half.hpp */,
				990CEB65228550580094965E /* _features.hpp */,
				990CEB66228550580094965E /* intrinsic_geometric.hpp */,
				990CEB67228550580094965E /* func_integer.inl */,
				990CEB68228550580094965E /* intrinsic_vector_relational.inl */,
				990CEB69228550580094965E /* _vectorize.hpp */,
				990CEB6A228550580094965E /* func_exponential.hpp */,
				990CEB6B228550580094965E /* func_geometric.inl */,
				990CEB6C228550580094965E /* func_noise.hpp */,
				990CEB6D228550580094965E /* type_vec.inl */,
				990CEB6E228550580094965E /* func_common.inl */,
				990CEB6F228550580094965E /* func_packing.hpp */,
				990CEB70228550580094965E /* func_vector_relational.hpp */,
				990CEB71228550580094965E /* func_trigonometric.inl */,
				990CEB72228550580094965E /* type_mat2x4.inl */,
				990CEB73228550580094965E /* type_mat4x2.inl */,
				990CEB74228550580094965E /* _swizzle.hpp */,
				990CEB75228550580094965E /* hint.hpp */,
				990CEB76228550580094965E /* type_mat4x3.inl */,
				990CEB77228550580094965E /* intrinsic_common.inl */,
				990CEB78228550580094965E /* type_vec4.inl */,
				990CEB79228550580094965E /* precision.hpp */,
				990CEB7A228550580094965E /* type_mat3x3.hpp */,
				990CEB7B228550580094965E /* type_mat3x2.hpp */,
				990CEB7C228550580094965E /* dummy.cpp */,
				990CEB7D228550580094965E /* type_mat.hpp */,
				990CEB7E228550580094965E /* setup.hpp */,
				990CEB7F228550580094965E /* type_mat2x2.inl */,
				990CEB80228550580094965E /* type_vec1.inl */,
				990CEB81228550580094965E /* func_matrix.hpp */,
				990CEB82228550580094965E /* type_mat4x4.inl */,
				990CEB83228550580094965E /* intrinsic_trigonometric.inl */,
				990CEB84228550580094965E /* type_mat2x3.inl */,
				990CEB85228550580094965E /* intrinsic_integer.inl */,
				990CEB86228550580094965E /* type_vec2.inl */,
				990CEB87228550580094965E /* glm.cpp */,
				990CEB88228550580094965E /* type_gentype.inl */,
				990CEB89228550580094965E /* type_mat3x4.hpp */,
				990CEB8A228550580094965E /* intrinsic_exponential.hpp */,
				990CEB8B228550580094965E /* type_vec3.inl */,
				990CEB8C228550580094965E /* intrinsic_integer.hpp */,
				990CEB8D228550580094965E /* type_mat2x3.hpp */,
				990CEB8E228550580094965E /* type_mat4x4.hpp */,
				990CEB8F228550580094965E /* func_matrix.inl */,
				990CEB90228550580094965E /* intrinsic_trigonometric.hpp */,
				990CEB91228550580094965E /* type_mat2x2.hpp */,
				990CEB92228550580094965E /* type_vec1.hpp */,
				990CEB93228550580094965E /* _swizzle_func.hpp */,
				990CEB94228550580094965E /* type_vec3.hpp */,
				990CEB95228550580094965E /* type_mat3x4.inl */,
				990CEB96228550580094965E /* intrinsic_exponential.inl */,
				990CEB97228550580094965E /* type_gentype.hpp */,
				990CEB98228550580094965E /* type_vec2.hpp */,
				990CEB99228550580094965E /* type_mat4x3.hpp */,
				990CEB9A228550580094965E /* type_mat4x2.hpp */,
				990CEB9B228550580094965E /* type_float.hpp */,
				990CEB9C228550580094965E /* type_mat2x4.hpp */,
				990CEB9D228550580094965E /* type_mat.inl */,
				990CEB9E228550580094965E /* type_mat3x2.inl */,
				990CEB9F228550580094965E /* precision.inl */,
				990CEBA0228550580094965E /* type_mat3x3.inl */,
				990CEBA1228550580094965E /* type_vec4.hpp */,
				990CEBA2228550580094965E /* intrinsic_common.hpp */,
			);
			path = detail;
			sourceTree = "<group>";
		};
		990CEBA4228550580094965E /* gtc */ = {
			isa = PBXGroup;
			children = (
				990CEBA5228550580094965E /* matrix_integer.hpp */,
				990CEBA6228550580094965E /* matrix_inverse.inl */,
				990CEBA7228550580094965E /* quaternion.inl */,
				990CEBA8228550580094965E /* packing.inl */,
				990CEBA9228550580094965E /* matrix_transform.inl */,
				990CEBAA228550580094965E /* type_precision.inl */,
				990CEBAB228550580094965E /* ulp.hpp */,
				990CEBAC228550580094965E /* packing.hpp */,
				990CEBAD228550580094965E /* ulp.inl */,
				990CEBAE228550580094965E /* matrix_transform.hpp */,
				990CEBAF228550580094965E /* type_precision.hpp */,
				990CEBB0228550580094965E /* quaternion.hpp */,
				990CEBB1228550580094965E /* matrix_inverse.hpp */,
				990CEBB2228550580094965E /* epsilon.inl */,
				990CEBB3228550580094965E /* random.hpp */,
				990CEBB4228550580094965E /* matrix_access.inl */,
				990CEBB5228550580094965E /* type_ptr.hpp */,
				990CEBB6228550580094965E /* reciprocal.inl */,
				990CEBB7228550580094965E /* constants.hpp */,
				990CEBB8228550580094965E /* noise.hpp */,
				990CEBB9228550580094965E /* noise.inl */,
				990CEBBA228550580094965E /* matrix_access.hpp */,
				990CEBBB228550580094965E /* random.inl */,
				990CEBBC228550580094965E /* epsilon.hpp */,
				990CEBBD228550580094965E /* constants.inl */,
				990CEBBE228550580094965E /* reciprocal.hpp */,
				990CEBBF228550580094965E /* type_ptr.inl */,
			);
			path = gtc;
			sourceTree = "<group>";
		};
		990CEBC1228550580094965E /* gtx */ = {
			isa = PBXGroup;
			children = (
				990CEBC2228550580094965E /* vector_angle.hpp */,
				990CEBC3228550580094965E /* log_base.inl */,
				990CEBC4228550580094965E /* matrix_query.inl */,
				990CEBC5228550580094965E /* extend.inl */,
				990CEBC6228550580094965E /* simd_vec4.hpp */,
				990CEBC7228550580094965E /* integer.hpp */,
				990CEBC8228550580094965E /* associated_min_max.inl */,
				990CEBC9228550580094965E /* matrix_transform_2d.inl */,
				990CEBCA228550580094965E /* rotate_vector.hpp */,
				990CEBCB228550580094965E /* matrix_interpolation.hpp */,
				990CEBCC228550580094965E /* quaternion.inl */,
				990CEBCD228550580094965E /* gradient_paint.inl */,
				990CEBCE228550580094965E /* string_cast.hpp */,
				990CEBCF228550580094965E /* color_space_YCoCg.hpp */,
				990CEBD0228550580094965E /* euler_angles.inl */,
				990CEBD1228550580094965E /* fast_square_root.hpp */,
				990CEBD2228550580094965E /* raw_data.inl */,
				990CEBD3228550580094965E /* matrix_cross_product.inl */,
				990CEBD4228550580094965E /* spline.hpp */,
				990CEBD5228550580094965E /* fast_trigonometry.hpp */,
				990CEBD6228550580094965E /* optimum_pow.inl */,
				990CEBD7228550580094965E /* simd_mat4.inl */,
				990CEBD8228550580094965E /* dual_quaternion.hpp */,
				990CEBD9228550580094965E /* closest_point.hpp */,
				990CEBDA228550580094965E /* vec1.hpp */,
				990CEBDB228550580094965E /* ulp.hpp */,
				990CEBDC228550580094965E /* number_precision.inl */,
				990CEBDD228550580094965E /* mixed_product.inl */,
				990CEBDE228550580094965E /* transform.inl */,
				990CEBDF228550580094965E /* bit.inl */,
				990CEBE0228550580094965E /* io.inl */,
				990CEBE1228550580094965E /* fast_trigonometry.inl */,
				990CEBE2228550580094965E /* optimum_pow.hpp */,
				990CEBE3228550580094965E /* spline.inl */,
				990CEBE4228550580094965E /* raw_data.hpp */,
				990CEBE5228550580094965E /* matrix_cross_product.hpp */,
				990CEBE6228550580094965E /* euler_angles.hpp */,
				990CEBE7228550580094965E /* fast_square_root.inl */,
				990CEBE8228550580094965E /* color_space_YCoCg.inl */,
				990CEBE9228550580094965E /* io.hpp */,
				990CEBEA228550580094965E /* transform.hpp */,
				990CEBEB228550580094965E /* bit.hpp */,
				990CEBEC228550580094965E /* number_precision.hpp */,
				990CEBED228550580094965E /* mixed_product.hpp */,
				990CEBEE228550580094965E /* closest_point.inl */,
				990CEBEF228550580094965E /* simd_mat4.hpp */,
				990CEBF0228550580094965E /* dual_quaternion.inl */,
				990CEBF1228550580094965E /* vec1.inl */,
				990CEBF2228550580094965E /* associated_min_max.hpp */,
				990CEBF3228550580094965E /* matrix_transform_2d.hpp */,
				990CEBF4228550580094965E /* integer.inl */,
				990CEBF5228550580094965E /* simd_vec4.inl */,
				990CEBF6228550580094965E /* log_base.hpp */,
				990CEBF7228550580094965E /* matrix_query.hpp */,
				990CEBF8228550580094965E /* vector_angle.inl */,
				990CEBF9228550580094965E /* extend.hpp */,
				990CEBFA228550580094965E /* gradient_paint.hpp */,
				990CEBFB228550580094965E /* quaternion.hpp */,
				990CEBFC228550580094965E /* string_cast.inl */,
				990CEBFD228550580094965E /* rotate_vector.inl */,
				990CEBFE228550580094965E /* matrix_interpolation.inl */,
				990CEBFF228550580094965E /* vector_query.inl */,
				990CEC00228550580094965E /* polar_coordinates.hpp */,
				990CEC01228550580094965E /* orthonormalize.inl */,
				990CEC02228550580094965E /* simd_quat.hpp */,
				990CEC03228550580094965E /* inertia.hpp */,
				990CEC04228550580094965E /* random.hpp */,
				990CEC05228550580094965E /* component_wise.inl */,
				990CEC06228550580094965E /* normalize_dot.inl */,
				990CEC07228550580094965E /* std_based_type.inl */,
				990CEC08228550580094965E /* projection.hpp */,
				990CEC09228550580094965E /* multiple.hpp */,
				990CEC0A228550580094965E /* int_10_10_10_2.hpp */,
				990CEC0B228550580094965E /* compatibility.inl */,
				990CEC0C228550580094965E /* scalar_relational.hpp */,
				990CEC0D228550580094965E /* wrap.hpp */,
				990CEC0E228550580094965E /* rotate_normalized_axis.inl */,
				990CEC0F228550580094965E /* constants.hpp */,
				990CEC10228550580094965E /* norm.hpp */,
				990CEC11228550580094965E /* matrix_major_storage.inl */,
				990CEC12228550580094965E /* matrix_operation.inl */,
				990CEC13228550580094965E /* color_space.hpp */,
				990CEC14228550580094965E /* normal.hpp */,
				990CEC15228550580094965E /* intersect.inl */,
				990CEC16228550580094965E /* perpendicular.inl */,
				990CEC17228550580094965E /* extented_min_max.inl */,
				990CEC18228550580094965E /* noise.hpp */,
				990CEC19228550580094965E /* transform2.inl */,
				990CEC1A228550580094965E /* fast_exponential.hpp */,
				990CEC1B228550580094965E /* unsigned_int.inl */,
				990CEC1C228550580094965E /* handed_coordinate_space.hpp */,
				990CEC1D228550580094965E /* intersect.hpp */,
				990CEC1E228550580094965E /* perpendicular.hpp */,
				990CEC1F228550580094965E /* matrix_operation.hpp */,
				990CEC20228550580094965E /* color_space.inl */,
				990CEC21228550580094965E /* normal.inl */,
				990CEC22228550580094965E /* matrix_major_storage.hpp */,
				990CEC23228550580094965E /* norm.inl */,
				990CEC24228550580094965E /* handed_coordinate_space.inl */,
				990CEC25228550580094965E /* unsigned_int.hpp */,
				990CEC26228550580094965E /* fast_exponential.inl */,
				990CEC27228550580094965E /* transform2.hpp */,
				990CEC28228550580094965E /* extented_min_max.hpp */,
				990CEC29228550580094965E /* std_based_type.hpp */,
				990CEC2A228550580094965E /* orthonormalize.hpp */,
				990CEC2B228550580094965E /* normalize_dot.hpp */,
				990CEC2C228550580094965E /* simd_quat.inl */,
				990CEC2D228550580094965E /* inertia.inl */,
				990CEC2E228550580094965E /* component_wise.hpp */,
				990CEC2F228550580094965E /* polar_coordinates.inl */,
				990CEC30228550580094965E /* vector_query.hpp */,
				990CEC31228550580094965E /* epsilon.hpp */,
				990CEC32228550580094965E /* scalar_relational.inl */,
				990CEC33228550580094965E /* wrap.inl */,
				990CEC34228550580094965E /* int_10_10_10_2.inl */,
				990CEC35228550580094965E /* compatibility.hpp */,
				990CEC36228550580094965E /* rotate_normalized_axis.hpp */,
				990CEC37228550580094965E /* reciprocal.hpp */,
				990CEC38228550580094965E /* projection.inl */,
				990CEC39228550580094965E /* multiple.inl */,
			);
			path = gtx;
			sourceTree = "<group>";
		};
		990CEC45228551240094965E /* Frameworks */ = {
			isa = PBXGroup;
			children = (
				990CEC6B22858B350094965E /* libglfw3.a */,
				99CD90D22286B28B008F623A /* CoreVideo.framework */,
				990CEC5E228553EA0094965E /* IOKit.framework */,
				990CEC5C228553E40094965E /* Cocoa.framework */,
				990CEC46228551250094965E /* OpenGL.framework */,
			);
			name = Frameworks;
			sourceTree = "<group>";
		};
		990CEC7022868B4A0094965E /* Libs */ = {
			isa = PBXGroup;
			children = (
				990CEC7122868B4A0094965E /* osx */,
			);
			name = Libs;
			path = ../Libs;
			sourceTree = "<group>";
		};
		990CEC7122868B4A0094965E /* osx */ = {
			isa = PBXGroup;
			children = (
				990CEC7222868B4A0094965E /* libglfw3.a */,
				990CEC7322868B4A0094965E /* platform_osx.mm */,
			);
			path = osx;
			sourceTree = "<group>";
		};
		99CD90D12286B1AA008F623A /* TBD */ = {
			isa = PBXGroup;
			children = (
				990CEB212285500D0094965E /* Bitmap.h */,
				990CEB1F2285500D0094965E /* Texture.h */,
			);
			path = TBD;
			sourceTree = "<group>";
		};
/* End PBXGroup section */

/* Begin PBXNativeTarget section */
		990CEB0E22854FFC0094965E /* opengl-series */ = {
			isa = PBXNativeTarget;
			buildConfigurationList = 990CEB1622854FFC0094965E /* Build configuration list for PBXNativeTarget "opengl-series" */;
			buildPhases = (
				990CEB0B22854FFC0094965E /* Sources */,
				990CEB0C22854FFC0094965E /* Frameworks */,
				990CEC7822868C370094965E /* Resources */,
			);
			buildRules = (
			);
			dependencies = (
			);
			name = "opengl-series";
			productName = "opengl-series";
			productReference = 990CEB0F22854FFC0094965E /* opengl-series */;
			productType = "com.apple.product-type.tool";
		};
/* End PBXNativeTarget section */

/* Begin PBXProject section */
		990CEB0722854FFC0094965E /* Project object */ = {
			isa = PBXProject;
			attributes = {
				LastUpgradeCheck = 0930;
				ORGANIZATIONNAME = "Victor Li";
				TargetAttributes = {
					990CEB0E22854FFC0094965E = {
						CreatedOnToolsVersion = 9.3;
					};
				};
			};
			buildConfigurationList = 990CEB0A22854FFC0094965E /* Build configuration list for PBXProject "opengl-series" */;
			compatibilityVersion = "Xcode 9.3";
			developmentRegion = en;
			hasScannedForEncodings = 0;
			knownRegions = (
				en,
			);
			mainGroup = 990CEB0622854FFC0094965E;
			productRefGroup = 990CEB1022854FFC0094965E /* Products */;
			projectDirPath = "";
			projectRoot = "";
			targets = (
				990CEB0E22854FFC0094965E /* opengl-series */,
			);
		};
/* End PBXProject section */

/* Begin PBXResourcesBuildPhase section */
		990CEC7822868C370094965E /* Resources */ = {
			isa = PBXResourcesBuildPhase;
			buildActionMask = 2147483647;
			files = (
				99CD90DB2286B628008F623A /* vertex-shader.txt in Resources */,
				99CD90DA2286B628008F623A /* fragment-shader.txt in Resources */,
			);
			runOnlyForDeploymentPostprocessing = 0;
		};
/* End PBXResourcesBuildPhase section */

/* Begin PBXSourcesBuildPhase section */
		990CEB0B22854FFC0094965E /* Sources */ = {
			isa = PBXSourcesBuildPhase;
			buildActionMask = 2147483647;
			files = (
				99CD90D72286B4C4008F623A /* platform_osx.mm in Sources */,
				99CD90D62286B33D008F623A /* glew.c in Sources */,
				99CD90D02286A9F2008F623A /* Program.cpp in Sources */,
				990CEC6F228590860094965E /* Shader.cpp in Sources */,
				990CEB232285500D0094965E /* main.cpp in Sources */,
			);
			runOnlyForDeploymentPostprocessing = 0;
		};
/* End PBXSourcesBuildPhase section */

/* Begin XCBuildConfiguration section */
		990CEB1422854FFC0094965E /* Debug */ = {
			isa = XCBuildConfiguration;
			buildSettings = {
				CODE_SIGN_IDENTITY = "-";
				COPY_PHASE_STRIP = YES;
				DEBUG_INFORMATION_FORMAT = dwarf;
				ENABLE_TESTABILITY = NO;
				HEADER_SEARCH_PATHS = "/Users/wei_li/Git/my-tinyrenderer/OpenGL/opengl-series/Includes/**";
				LIBRARY_SEARCH_PATHS = "/Users/wei_li/Git/my-tinyrenderer/OpenGL/opengl-series/Libs/**";
				MACOSX_DEPLOYMENT_TARGET = 10.13;
				MTL_ENABLE_DEBUG_INFO = YES;
				ONLY_ACTIVE_ARCH = YES;
				SDKROOT = macosx;
			};
			name = Debug;
		};
		990CEB1522854FFC0094965E /* Release */ = {
			isa = XCBuildConfiguration;
			buildSettings = {
				CODE_SIGN_IDENTITY = "-";
				COPY_PHASE_STRIP = YES;
				DEBUG_INFORMATION_FORMAT = "dwarf-with-dsym";
				HEADER_SEARCH_PATHS = "/Users/wei_li/Git/my-tinyrenderer/OpenGL/opengl-series/Includes/**";
				LIBRARY_SEARCH_PATHS = "/Users/wei_li/Git/my-tinyrenderer/OpenGL/opengl-series/Libs/**";
				MACOSX_DEPLOYMENT_TARGET = 10.13;
				MTL_ENABLE_DEBUG_INFO = NO;
				SDKROOT = macosx;
			};
			name = Release;
		};
		990CEB1722854FFC0094965E /* Debug */ = {
			isa = XCBuildConfiguration;
			buildSettings = {
				CLANG_ENABLE_MODULES = NO;
				CODE_SIGN_STYLE = Automatic;
				HEADER_SEARCH_PATHS = "/Users/wei_li/Git/my-tinyrenderer/OpenGL/opengl-series/Includes/**";
				LIBRARY_SEARCH_PATHS = "/Users/wei_li/Git/my-tinyrenderer/OpenGL/opengl-series/Libs/**";
				PRODUCT_NAME = "$(TARGET_NAME)";
			};
			name = Debug;
		};
		990CEB1822854FFC0094965E /* Release */ = {
			isa = XCBuildConfiguration;
			buildSettings = {
				CLANG_ENABLE_MODULES = NO;
				CODE_SIGN_STYLE = Automatic;
				HEADER_SEARCH_PATHS = "/Users/wei_li/Git/my-tinyrenderer/OpenGL/opengl-series/Includes/**";
				LIBRARY_SEARCH_PATHS = "/Users/wei_li/Git/my-tinyrenderer/OpenGL/opengl-series/Libs/**";
				PRODUCT_NAME = "$(TARGET_NAME)";
			};
			name = Release;
		};
/* End XCBuildConfiguration section */

/* Begin XCConfigurationList section */
		990CEB0A22854FFC0094965E /* Build configuration list for PBXProject "opengl-series" */ = {
			isa = XCConfigurationList;
			buildConfigurations = (
				990CEB1422854FFC0094965E /* Debug */,
				990CEB1522854FFC0094965E /* Release */,
			);
			defaultConfigurationIsVisible = 0;
			defaultConfigurationName = Release;
		};
		990CEB1622854FFC0094965E /* Build configuration list for PBXNativeTarget "opengl-series" */ = {
			isa = XCConfigurationList;
			buildConfigurations = (
				990CEB1722854FFC0094965E /* Debug */,
				990CEB1822854FFC0094965E /* Release */,
			);
			defaultConfigurationIsVisible = 0;
			defaultConfigurationName = Release;
		};
/* End XCConfigurationList section */
	};
	rootObject = 990CEB0722854FFC0094965E /* Project object */;
}
