
Microsoft Visual Studio Solution File, Format Version 12.00
# Visual Studio Version 16
VisualStudioVersion = 16.0.28822.285
MinimumVisualStudioVersion = 10.0.40219.1
Project("{8BC9CEB8-8B4A-11D0-8D11-00A0C91BC942}") = "learn-opengl", "learn-opengl.vcxproj", "{FD278701-AAF1-4803-90FC-C13762D34D27}"
EndProject
Global
	GlobalSection(SolutionConfigurationPlatforms) = preSolution
		Debug|x64 = Debug|x64
		Debug|x86 = Debug|x86
		Release|x64 = Release|x64
		Release|x86 = Release|x86
	EndGlobalSection
	GlobalSection(ProjectConfigurationPlatforms) = postSolution
		{FD278701-AAF1-4803-90FC-C13762D34D27}.Debug|x64.ActiveCfg = Debug|x64
		{FD278701-AAF1-4803-90FC-C13762D34D27}.Debug|x64.Build.0 = Debug|x64
		{FD278701-AAF1-4803-90FC-C13762D34D27}.Debug|x86.ActiveCfg = Debug|Win32
		{FD278701-AAF1-4803-90FC-C13762D34D27}.Debug|x86.Build.0 = Debug|Win32
		{FD278701-AAF1-4803-90FC-C13762D34D27}.Release|x64.ActiveCfg = Release|x64
		{FD278701-AAF1-4803-90FC-C13762D34D27}.Release|x64.Build.0 = Release|x64
		{FD278701-AAF1-4803-90FC-C13762D34D27}.Release|x86.ActiveCfg = Release|Win32
		{FD278701-AAF1-4803-90FC-C13762D34D27}.Release|x86.Build.0 = Release|Win32
	EndGlobalSection
	GlobalSection(SolutionProperties) = preSolution
		HideSolutionNode = FALSE
	EndGlobalSection
	GlobalSection(ExtensibilityGlobals) = postSolution
		SolutionGuid = {88109BDF-3287-4D6B-8567-B2DA1448442F}
	EndGlobalSection
EndGlobal
